d9f3b17ddbbe1bba48917c3a679807b01c39c4a1ce776efdbdfbb7a1680e86e4  lib/tagged.cyr
bffba3143adaa5628e8bc086881dcb2e672351948d8c2569a23d73a749e98afd  lib/syscalls_macos.cyr
99505e855d2a2714ea9121a60623d1f0ed0bafaace1e34c6f08a3aab11899753  lib/bayan.cyr
8a3e4378e75eefbf7e6d8d098449dbe909f9b9b80a2a72624adb250eb4335c09  lib/str.cyr
69e92cc4b67f1a936f94c92ce8a4c66673758b84dba385e96fbeaa46fa692b4c  lib/alloc_agnos.cyr
03922b263b4a771d7104c6dcc30b4b029c6fe40ec93fec6a0ee38ec61f7e7dd8  lib/alloc_macos.cyr
27c9752b70e797b43d30204e5077749526144495ba7021b1272067f3236d81f9  lib/args_agnos.cyr
7b045871f231519e65f28a4b7abfbae6dd8e586ce03053fd367b3a119e8303c9  lib/atomic.cyr
ff14f0d7999956754937f612c0aa60719c138f0967a81019cf99e08aae088087  lib/string.cyr
29e89f51e2f612e8890afe18d9d9609e8e81dbc473a13a4131157167ca8f4c68  lib/alloc.cyr
4d5d34299efba86c8c6895fcdd474ff25bcb5e1a9fc4bab1b976e52972e54f24  lib/syscalls_x86_64_linux.cyr
c5e63abd6c2b317bafdd9fbb5e01b093d5c6da7697eaba94c1f2ffde77f6b623  lib/syscalls_x86_64_agnos.cyr
3073d5cee65bfccbd19d17412db80d3d9b91cb97d3d742476d3f4bf58246c29f  lib/fmt.cyr
84611780a6809901b0e76fd2debb7bd089df8fb290901814bc06a38585eca359  lib/assert.cyr
619f0bce74b6b1ec0acf8ce3ed6839fe0a7c043bf16af6bae4e06f5e492af874  lib/args.cyr
f9b5931a668acb2b08aa2a4b5a2396f551e0824405c155222015bdd4baa8cd81  lib/syscalls.cyr
299c2c7e203b339a6b97d3ab88d15f3465d72bda018c61e6951819eabd7cc018  lib/alloc_windows.cyr
f7b9d52f29de6d3d633962ccc765a76637091a7256eebc1da5547530eed2c44b  lib/args_win.cyr
6b741e6344246eccd42b940f77d396d0c1a4a24234b51e42a746a3b905ef3f8b  lib/syscalls_aarch64_linux.cyr
8af62caaa9cdd96bca338a5587526a275a0e36dbfc33066febf81498321f9bb1  lib/bench.cyr
19bcb006802c5d158ce1b9e0090a07da7e4d1092236f9850c61ebcbf294021c4  lib/vec.cyr
88b4d980fc9df67c66e2c68dff37131368e1153f4048863a823153291b491691  lib/io.cyr
724cb440922e89ff60c76eba23670eeee53b9d1f3ffdde31ebe2e2f9badda9ed  lib/slice.cyr
9fd6444e8cfcf7950837e955473adc5bab6d7bf4fa2c15f8ce2578360c4100eb  lib/hashmap.cyr
f39294af5dc32bec02ec7d2204ca82033abe4f4bafc78e9be792eb178132e244  lib/fnptr.cyr
6e8bc55249520244d814a2460e3984576466fb220fd2053ed5d6b5c8e535e757  lib/syscalls_windows.cyr
5d7693ee2bd3e92282591305f69eed792e46285b17017998cdacd44b86e64124  lib/syscalls_linux_common.cyr
99f96283da419ad9f01d076269411c3d5214b6007a92d1bbe2356ab906a5d1a1  lib/args_macos.cyr
bf99f1f02ef990694c35be2f27fdaf3ec06ee9c3a546f4c8f9e06970f90fb9c1  lib/result.cyr
